
Microsoft Visual Studio Solution File, Format Version 12.00
# Visual Studio Version 16
VisualStudioVersion = 16.0.31424.327
MinimumVisualStudioVersion = 10.0.40219.1
Project("{FAE04EC0-301F-11D3-BF4B-00C04F79EFBC}") = "CombinePDFWpf", "CombinePDFWpf\CombinePDFWpf.csproj", "{1C1F2D4C-1732-49DE-873D-A5376CF29C5F}"
EndProject
Global
	GlobalSection(SolutionConfigurationPlatforms) = preSolution
		Debug|Any CPU = Debug|Any CPU
		Debug|x64 = Debug|x64
		Release|Any CPU = Release|Any CPU
		Release|x64 = Release|x64
	EndGlobalSection
	GlobalSection(ProjectConfigurationPlatforms) = postSolution
		{1C1F2D4C-1732-49DE-873D-A5376CF29C5F}.Debug|Any CPU.ActiveCfg = Release|Any CPU
		{1C1F2D4C-1732-49DE-873D-A5376CF29C5F}.Debug|Any CPU.Build.0 = Release|Any CPU
		{1C1F2D4C-1732-49DE-873D-A5376CF29C5F}.Debug|x64.ActiveCfg = Debug|x64
		{1C1F2D4C-1732-49DE-873D-A5376CF29C5F}.Debug|x64.Build.0 = Debug|x64
		{1C1F2D4C-1732-49DE-873D-A5376CF29C5F}.Release|Any CPU.ActiveCfg = Release|Any CPU
		{1C1F2D4C-1732-49DE-873D-A5376CF29C5F}.Release|Any CPU.Build.0 = Release|Any CPU
		{1C1F2D4C-1732-49DE-873D-A5376CF29C5F}.Release|x64.ActiveCfg = Release|x64
		{1C1F2D4C-1732-49DE-873D-A5376CF29C5F}.Release|x64.Build.0 = Release|x64
	EndGlobalSection
	GlobalSection(SolutionProperties) = preSolution
		HideSolutionNode = FALSE
	EndGlobalSection
	GlobalSection(ExtensibilityGlobals) = postSolution
		SolutionGuid = {22BD914D-F2ED-449A-AD99-6918901FB136}
	EndGlobalSection
EndGlobal
